
Microsoft Visual Studio Solution File, Format Version 12.00
# Visual Studio 15
VisualStudioVersion = 15.0.27130.2027
MinimumVisualStudioVersion = 10.0.40219.1
Project("{D954291E-2A0B-460D-934E-DC6B0785DB48}") = "FearDeathBaseGame", "FearDeathBaseGame\FearDeathBaseGame.shproj", "{A0CDBD0E-3A41-42B7-9425-A838BC2C7383}"
EndProject
Global
	GlobalSection(SharedMSBuildProjectFiles) = preSolution
		FearDeathBaseGame\FearDeathBaseGame.projitems*{a0cdbd0e-3a41-42b7-9425-a838bc2c7383}*SharedItemsImports = 13
	EndGlobalSection
	GlobalSection(SolutionProperties) = preSolution
		HideSolutionNode = FALSE
	EndGlobalSection
	GlobalSection(ExtensibilityGlobals) = postSolution
		SolutionGuid = {6D996E4B-9511-4655-8A73-C0208A928356}
	EndGlobalSection
EndGlobal
